
Microsoft Visual Studio Solution File, Format Version 12.00
# Visual Studio 2015
Project("{FAE04EC0-301F-11D3-BF4B-00C04F79EFBC}") = "Tanks2D.CSharp.Plugins", "Tanks2D.CSharp.Plugins.csproj", "{2B6F1AA7-7638-A9E7-AAFD-4A952DF007D9}"
EndProject
Project("{FAE04EC0-301F-11D3-BF4B-00C04F79EFBC}") = "Tanks2D.CSharp", "Tanks2D.CSharp.csproj", "{84A74871-BE07-7979-798D-D36A07CA7202}"
EndProject
Project("{FAE04EC0-301F-11D3-BF4B-00C04F79EFBC}") = "Tanks2D.CSharp.Editor", "Tanks2D.CSharp.Editor.csproj", "{92A5B5AC-83A5-3FD2-5B17-B18FA1213385}"
EndProject
Global
	GlobalSection(SolutionConfigurationPlatforms) = preSolution
		Debug|Any CPU = Debug|Any CPU
		Release|Any CPU = Release|Any CPU
	EndGlobalSection
	GlobalSection(ProjectConfigurationPlatforms) = postSolution
		{2B6F1AA7-7638-A9E7-AAFD-4A952DF007D9}.Debug|Any CPU.ActiveCfg = Debug|Any CPU
		{2B6F1AA7-7638-A9E7-AAFD-4A952DF007D9}.Debug|Any CPU.Build.0 = Debug|Any CPU
		{2B6F1AA7-7638-A9E7-AAFD-4A952DF007D9}.Release|Any CPU.ActiveCfg = Release|Any CPU
		{2B6F1AA7-7638-A9E7-AAFD-4A952DF007D9}.Release|Any CPU.Build.0 = Release|Any CPU
		{84A74871-BE07-7979-798D-D36A07CA7202}.Debug|Any CPU.ActiveCfg = Debug|Any CPU
		{84A74871-BE07-7979-798D-D36A07CA7202}.Debug|Any CPU.Build.0 = Debug|Any CPU
		{84A74871-BE07-7979-798D-D36A07CA7202}.Release|Any CPU.ActiveCfg = Release|Any CPU
		{84A74871-BE07-7979-798D-D36A07CA7202}.Release|Any CPU.Build.0 = Release|Any CPU
		{92A5B5AC-83A5-3FD2-5B17-B18FA1213385}.Debug|Any CPU.ActiveCfg = Debug|Any CPU
		{92A5B5AC-83A5-3FD2-5B17-B18FA1213385}.Debug|Any CPU.Build.0 = Debug|Any CPU
		{92A5B5AC-83A5-3FD2-5B17-B18FA1213385}.Release|Any CPU.ActiveCfg = Release|Any CPU
		{92A5B5AC-83A5-3FD2-5B17-B18FA1213385}.Release|Any CPU.Build.0 = Release|Any CPU
	EndGlobalSection
	GlobalSection(SolutionProperties) = preSolution
		HideSolutionNode = FALSE
	EndGlobalSection
EndGlobal
